// !$*UTF8*$!
{
	archiveVersion = 1;
	classes = {
	};
	objectVersion = 77;
	objects = {

/* Begin PBXBuildFile section */
		015FC07CFB8D3B0FF066B3C6 /* ReceiverView.swift in Sources */ = {isa = PBXBuildFile; fileRef = 4286BB33324D82C98CA59BFE /* ReceiverView.swift */; };
		048284CE689221E778C8C818 /* ProfileStore.swift in Sources */ = {isa = PBXBuildFile; fileRef = 11598D4ED736766676E23600 /* ProfileStore.swift */; };
		106F02F6EE5D195101DB9119 /* FavoritesStore.swift in Sources */ = {isa = PBXBuildFile; fileRef = 051509F0C3FD9100CF44E653 /* FavoritesStore.swift */; };
		17B873B1847A451F94793070 /* FMDXCapabilitiesTests.swift in Sources */ = {isa = PBXBuildFile; fileRef = A0652FEBFE1F5E7EBBD7ACFF /* FMDXCapabilitiesTests.swift */; };
		1B9906A35F32EAC682AF5EE2 /* DiagnosticsStore.swift in Sources */ = {isa = PBXBuildFile; fileRef = DAE460852390C71A3267E19E /* DiagnosticsStore.swift */; };
		213C87F333FB445D3D5612BB /* VoiceOverRotorControl.swift in Sources */ = {isa = PBXBuildFile; fileRef = 96F51D7953819B7CA4FF071D /* VoiceOverRotorControl.swift */; };
		217D33FBBCC6215FD86050A3 /* UnavailableContentView.swift in Sources */ = {isa = PBXBuildFile; fileRef = DFD217BC13C04BA7696556CF /* UnavailableContentView.swift */; };
		2787CD26843D7631A05BFEEB /* FMDXBandScannerTests.swift in Sources */ = {isa = PBXBuildFile; fileRef = F31333CFD257BB9C575844FC /* FMDXBandScannerTests.swift */; };
		288CC8F359232EA856E298B8 /* AudioPCMUtilitiesTests.swift in Sources */ = {isa = PBXBuildFile; fileRef = 639B68BB73F279E8C50B3E96 /* AudioPCMUtilitiesTests.swift */; };
		2923CE16937A6A7AE87483FB /* AudioRecordingStore.swift in Sources */ = {isa = PBXBuildFile; fileRef = A93986B585C4FB7BCA27AF6F /* AudioRecordingStore.swift */; };
		2D7614F75473CD4D3CBEE46A /* ProfileEditorView.swift in Sources */ = {isa = PBXBuildFile; fileRef = 3767A118B74081FE1CD30F4F /* ProfileEditorView.swift */; };
		2E24DB309E0344833D3B83FD /* ReceiverIdentityTests.swift in Sources */ = {isa = PBXBuildFile; fileRef = 950DF21350969254EFC903CF /* ReceiverIdentityTests.swift */; };
		30A7D9FE5D13B5732D7B0601 /* RecordingFolderPicker.swift in Sources */ = {isa = PBXBuildFile; fileRef = F01FFB853C809B874633967E /* RecordingFolderPicker.swift */; };
		33F3F8C45A5BB961112E001B /* RadioSessionSettingsTests.swift in Sources */ = {isa = PBXBuildFile; fileRef = 30CF02B6D5C9776336DA7B30 /* RadioSessionSettingsTests.swift */; };
		347C30C3093802313590E3B7 /* FMDXCapabilitiesPolicyBridge.swift in Sources */ = {isa = PBXBuildFile; fileRef = 6B1555E324C13738FC619AD1 /* FMDXCapabilitiesPolicyBridge.swift */; };
		35E8D207EF1F755F3823105F /* ReceiverLinkImportTests.swift in Sources */ = {isa = PBXBuildFile; fileRef = 0486B345984166EC54D1381A /* ReceiverLinkImportTests.swift */; };
		37A2B9CC76C458C794DECA72 /* SDRBackend.swift in Sources */ = {isa = PBXBuildFile; fileRef = 7A8D52E05033560ABC688416 /* SDRBackend.swift */; };
		39AB7F078B8E0DF8C6A8ECA6 /* BandTuningProfile.swift in Sources */ = {isa = PBXBuildFile; fileRef = C8620FE8AD9F4B9ACE05A1E6 /* BandTuningProfile.swift */; };
		39D323D01A6F9876CF054568 /* SpeechLoudnessLevelerTests.swift in Sources */ = {isa = PBXBuildFile; fileRef = 7E9A672EB99212A9AEC92727 /* SpeechLoudnessLevelerTests.swift */; };
		3D199DA0C04AC43A8B628250 /* TuneStepPreferenceMode.swift in Sources */ = {isa = PBXBuildFile; fileRef = EAD1C8D99F65C7CAD5126479 /* TuneStepPreferenceMode.swift */; };
		3E2755D3C3B1A94376FBDDD6 /* AppAccessibilityTests.swift in Sources */ = {isa = PBXBuildFile; fileRef = 0099FA003BD98E52868FCF81 /* AppAccessibilityTests.swift */; };
		3E7958F395139FFF50E12C41 /* ListenSDRFeedbackSender.swift in Sources */ = {isa = PBXBuildFile; fileRef = 5854269FF520F5087EA1E2F3 /* ListenSDRFeedbackSender.swift */; };
		41BD2FA1F71A8000434283F9 /* ShareSheet.swift in Sources */ = {isa = PBXBuildFile; fileRef = 2C476CA16083ED45EBA81466 /* ShareSheet.swift */; };
		442DC03F435B53670FA2A19C /* ListeningHistoryStoreTests.swift in Sources */ = {isa = PBXBuildFile; fileRef = AC11AA84D6A3FD50363521F5 /* ListeningHistoryStoreTests.swift */; };
		4D7ABA4F816056972029EBCC /* AppTheme.swift in Sources */ = {isa = PBXBuildFile; fileRef = 1030E7AA0B8CC314535900F8 /* AppTheme.swift */; };
		52F0AE13AAA510955B7A3385 /* ListenSDRCore in Frameworks */ = {isa = PBXBuildFile; productRef = 4F521E4994F054040E5B3E17 /* ListenSDRCore */; };
		59CC394BFC1D702F05E89F89 /* AppAccessibility.swift in Sources */ = {isa = PBXBuildFile; fileRef = 7FD888482E6AC82C526D34BA /* AppAccessibility.swift */; };
		5A076344D3BDA61EB1C1213F /* FMDXPresetScriptParserTests.swift in Sources */ = {isa = PBXBuildFile; fileRef = 478CE36C765087751368DC9B /* FMDXPresetScriptParserTests.swift */; };
		5AB0C9CDECD2E3F0E2AF7F16 /* RadioSessionViewModel.swift in Sources */ = {isa = PBXBuildFile; fileRef = C44E25CC6B23AD72D38F0809 /* RadioSessionViewModel.swift */; };
		5B6794859996E3232249EE49 /* BackendTelemetry.swift in Sources */ = {isa = PBXBuildFile; fileRef = C372985075C01F819DD5C32F /* BackendTelemetry.swift */; };
		60A7646E16C2E86C8EE29D40 /* SDRConnectionProfile.swift in Sources */ = {isa = PBXBuildFile; fileRef = D789A0EBC5CC4FC1EFE8E90A /* SDRConnectionProfile.swift */; };
		658BC2FBCD202B84E793D6DD /* ReceiverDataCache.swift in Sources */ = {isa = PBXBuildFile; fileRef = 6294264E832985350801F669 /* ReceiverDataCache.swift */; };
		67470D4EA59E0FC4620CD74B /* SettingsView.swift in Sources */ = {isa = PBXBuildFile; fileRef = 2C1A91F49239EA191572FD45 /* SettingsView.swift */; };
		6778A885798D1E5525319C11 /* DemodulationModeTests.swift in Sources */ = {isa = PBXBuildFile; fileRef = B30168AE215D849558215B5A /* DemodulationModeTests.swift */; };
		69BF8B8DBEB4F474977BEEBA /* RadioSessionSettings.swift in Sources */ = {isa = PBXBuildFile; fileRef = F6CC738A091E2BE76E1A7BB0 /* RadioSessionSettings.swift */; };
		69F0FB74D682EA07F95087E3 /* ListeningHistoryStore.swift in Sources */ = {isa = PBXBuildFile; fileRef = E36EBE8CBCFB821A066116D2 /* ListeningHistoryStore.swift */; };
		6F72CC2D76B74F9892D20F69 /* LiveAudioStabilityTests.swift in Sources */ = {isa = PBXBuildFile; fileRef = 67898200E1DD7BF2FE5AC5A3 /* LiveAudioStabilityTests.swift */; };
		71B847E2C1F32E19C3DF299F /* AudioDecoders.swift in Sources */ = {isa = PBXBuildFile; fileRef = FF8CEEFF5137077F585714EE /* AudioDecoders.swift */; };
		721B688F74C2905447CF723D /* SystemRemoteCommandController.swift in Sources */ = {isa = PBXBuildFile; fileRef = 4CF77EDC5169E7230B1F16A0 /* SystemRemoteCommandController.swift */; };
		74E4C490FBA27B13378AFCE4 /* ReceiverLinkImport.swift in Sources */ = {isa = PBXBuildFile; fileRef = 7D98E491501B5A7BA10E0AEA /* ReceiverLinkImport.swift */; };
		76509925DB5BC007FD140D3A /* FMDXBandScanner.swift in Sources */ = {isa = PBXBuildFile; fileRef = 11099F867EDFFECA567B45FC /* FMDXBandScanner.swift */; };
		76E0B093C55B985B8931FCA9 /* FMDXCapabilitiesSyncBridge.swift in Sources */ = {isa = PBXBuildFile; fileRef = E8E5AAA5B9EB3467D7BB3385 /* FMDXCapabilitiesSyncBridge.swift */; };
		7D25DAE60B06F3AA4E27B9F6 /* KiwiWaterfallViewportTests.swift in Sources */ = {isa = PBXBuildFile; fileRef = E9666972D9B4DB5DFFE5D8A8 /* KiwiWaterfallViewportTests.swift */; };
		7F21A7B2B4BE8EAEB9DF08B9 /* ListenSDRAppShortcuts.swift in Sources */ = {isa = PBXBuildFile; fileRef = 9C9508B28DC86C178D8A2BD7 /* ListenSDRAppShortcuts.swift */; };
		817BC8EE996142812994AAA3 /* ReceiverDirectoryView.swift in Sources */ = {isa = PBXBuildFile; fileRef = BABBB82F47D1CC59A071FA43 /* ReceiverDirectoryView.swift */; };
		82428741563F6BEB47648217 /* Assets.xcassets in Resources */ = {isa = PBXBuildFile; fileRef = 293251298AE8C5A5C89DFF78 /* Assets.xcassets */; };
		899E90DCF3F8E5489D3F5613 /* ReceiverDirectory.swift in Sources */ = {isa = PBXBuildFile; fileRef = 5D10CB9C5AF8BDD4442F5C6A /* ReceiverDirectory.swift */; };
		8B826A963B180CA475FCD2F3 /* SettingsViewController.swift in Sources */ = {isa = PBXBuildFile; fileRef = 4BE45DEDE28EA384BBF400F2 /* SettingsViewController.swift */; };
		8EEE5FD254E0DE0BAF51E579 /* FrequencyInputParserTests.swift in Sources */ = {isa = PBXBuildFile; fileRef = 1B6C093CD016FE82C348F51F /* FrequencyInputParserTests.swift */; };
		904026A13868756A60C1ACBE /* FrequencyPresetStore.swift in Sources */ = {isa = PBXBuildFile; fileRef = 224AE639D3D4FFDF4FFF6401 /* FrequencyPresetStore.swift */; };
		97FBD7C3975B191CF77DD737 /* DemodulationMode.swift in Sources */ = {isa = PBXBuildFile; fileRef = 9C02A583D9687A70C4BFDB7B /* DemodulationMode.swift */; };
		99B848C6E7F71B573709D3C3 /* RecordingsView.swift in Sources */ = {isa = PBXBuildFile; fileRef = C6867FB3EC2B87AF1C82B810 /* RecordingsView.swift */; };
		9CA040C35806FD1192EC5F7F /* DirectoryChangeNotificationService.swift in Sources */ = {isa = PBXBuildFile; fileRef = 88475086572CB3D2B0573EC0 /* DirectoryChangeNotificationService.swift */; };
		9E8A626DE4609D0BCB843FD0 /* SpeechLoudnessLeveler.swift in Sources */ = {isa = PBXBuildFile; fileRef = DEAB72153F050B8965259B27 /* SpeechLoudnessLeveler.swift */; };
		9F264E92F61C2DCB0DEC868D /* ReceiverIdentity.swift in Sources */ = {isa = PBXBuildFile; fileRef = 538629FD19959273EAEB0434 /* ReceiverIdentity.swift */; };
		A1F4C0EB94461ABEC5F20105 /* AudioOutputEngine.swift in Sources */ = {isa = PBXBuildFile; fileRef = BF1EF5343192338BEDC2CD79 /* AudioOutputEngine.swift */; };
		A5B5C702F7D887555E1937CC /* AppNavigationState.swift in Sources */ = {isa = PBXBuildFile; fileRef = 4AA3EF25749DE49C7AFCB68C /* AppNavigationState.swift */; };
		A5FE69B889FD2CBA8C9E44B5 /* L10n.swift in Sources */ = {isa = PBXBuildFile; fileRef = CA8430FABA0F566E0392A547 /* L10n.swift */; };
		A83F58F1D406EC3C8894D954 /* RadiosView.swift in Sources */ = {isa = PBXBuildFile; fileRef = DC198DC08EE579F8E7D22664 /* RadiosView.swift */; };
		A85BB4C1E4D9B6BA4C2914C1 /* ChannelScannerSignalCore.swift in Sources */ = {isa = PBXBuildFile; fileRef = D6B2838C0A3517392C242645 /* ChannelScannerSignalCore.swift */; };
		ACA7E73CDBC90170E8094621 /* AppShortcutCommandCenter.swift in Sources */ = {isa = PBXBuildFile; fileRef = 2EAE78AE7AA5A2BB4FA77A82 /* AppShortcutCommandCenter.swift */; };
		AD016F565FC5F0BC213D00DA /* ImportReceiverLinkView.swift in Sources */ = {isa = PBXBuildFile; fileRef = C80BA214359BACE1155A9A84 /* ImportReceiverLinkView.swift */; };
		B215B1F7A563A4A7CF1CE614 /* FMDXTelemetrySyncBridge.swift in Sources */ = {isa = PBXBuildFile; fileRef = 260D2B31601E03EF1A96EE7D /* FMDXTelemetrySyncBridge.swift */; };
		BCABB02721200D0E1D619259 /* OpenWebRXScannerSquelchPolicyTests.swift in Sources */ = {isa = PBXBuildFile; fileRef = 55C98F5F2FA36C04B236D295 /* OpenWebRXScannerSquelchPolicyTests.swift */; };
		BFEFFFE29325B0BEAF808308 /* RecordingDestinationStore.swift in Sources */ = {isa = PBXBuildFile; fileRef = D6EA2720375E2C6AC9300BC7 /* RecordingDestinationStore.swift */; };
		C012120DC124FCF2743295A2 /* KiwiWaterfallViewport.swift in Sources */ = {isa = PBXBuildFile; fileRef = 301576C788F755FF6721E79F /* KiwiWaterfallViewport.swift */; };
		C528E9B1F9B1F3A37D859DB8 /* KiwiNoiseProcessing.swift in Sources */ = {isa = PBXBuildFile; fileRef = 5281754BC533DD08BFC3F0FB /* KiwiNoiseProcessing.swift */; };
		D3CA5A465A2F2806BBEBD178 /* ListenSDRFeedbackFormView.swift in Sources */ = {isa = PBXBuildFile; fileRef = AB68F42E636A470995C63355 /* ListenSDRFeedbackFormView.swift */; };
		D3F4C7905F934163B69D3D83 /* DiagnosticsExportBuilder.swift in Sources */ = {isa = PBXBuildFile; fileRef = A08F4C0EC7957D2F44890F03 /* DiagnosticsExportBuilder.swift */; };
		D3FB1C7E0EE8EFD2D27F0A46 /* DiagnosticsView.swift in Sources */ = {isa = PBXBuildFile; fileRef = E929C19EBE9CBC4876BEB082 /* DiagnosticsView.swift */; };
		DDE4048086B329E1DA759831 /* AudioPCMUtilities.swift in Sources */ = {isa = PBXBuildFile; fileRef = 289E855420AAC4FEB4FE9053 /* AudioPCMUtilities.swift */; };
		DE15F0055B02E64403FA1BCD /* FMDXPresetScriptParser.swift in Sources */ = {isa = PBXBuildFile; fileRef = C6DE626B86ADD59B5EF7360F /* FMDXPresetScriptParser.swift */; };
		E23F2265F3F9263F898DC5F4 /* SDRBackendClient.swift in Sources */ = {isa = PBXBuildFile; fileRef = 3D1E849968434E33A4D5FBD4 /* SDRBackendClient.swift */; };
		ED24BA1B1978A1D1CA10D49A /* NowPlayingMetadataController.swift in Sources */ = {isa = PBXBuildFile; fileRef = A32D37F54EC86991F772EE76 /* NowPlayingMetadataController.swift */; };
		ED71D0FE9EB6F20C7C5A65E0 /* ContentView.swift in Sources */ = {isa = PBXBuildFile; fileRef = AE03F4D6FF900C3D6AFD78A0 /* ContentView.swift */; };
		EE37865A11091F7E0CD56E39 /* ListenSDRCore in Frameworks */ = {isa = PBXBuildFile; productRef = 50781FA28737E544F01F509E /* ListenSDRCore */; };
		F109327EDC709AF605C0E48D /* ListenSDRApp.swift in Sources */ = {isa = PBXBuildFile; fileRef = 06AE9E9DC3D6C964E0BAF0F9 /* ListenSDRApp.swift */; };
		F1D937053202CA81759996E2 /* Localizable.strings in Resources */ = {isa = PBXBuildFile; fileRef = 7B8C0A52D13309CB9883A20A /* Localizable.strings */; };
		F95C89B3900EBD196A458D33 /* FMDXStationListResolverTests.swift in Sources */ = {isa = PBXBuildFile; fileRef = 07F5A68FE08373C6C9818B34 /* FMDXStationListResolverTests.swift */; };
		FD2A46F7134EB59E0B1C8FAD /* KiwiWaterfallProcessing.swift in Sources */ = {isa = PBXBuildFile; fileRef = 5C1B4F8D475FBFBB16DFC80D /* KiwiWaterfallProcessing.swift */; };
		FF0BD08CFF4B3108710BEF00 /* AppTutorialView.swift in Sources */ = {isa = PBXBuildFile; fileRef = 4275A45DF4651D0079994B01 /* AppTutorialView.swift */; };
/* End PBXBuildFile section */

/* Begin PBXContainerItemProxy section */
		5D28ED0C81CE810355BF38F4 /* PBXContainerItemProxy */ = {
			isa = PBXContainerItemProxy;
			containerPortal = 253520B5BE7094ABC4BE6D84 /* Project object */;
			proxyType = 1;
			remoteGlobalIDString = 349CA7F3CE64A633D22C3BCC;
			remoteInfo = ListenSDR;
		};
/* End PBXContainerItemProxy section */

/* Begin PBXFileReference section */
		0099FA003BD98E52868FCF81 /* AppAccessibilityTests.swift */ = {isa = PBXFileReference; lastKnownFileType = sourcecode.swift; path = AppAccessibilityTests.swift; sourceTree = "<group>"; };
		0486B345984166EC54D1381A /* ReceiverLinkImportTests.swift */ = {isa = PBXFileReference; lastKnownFileType = sourcecode.swift; path = ReceiverLinkImportTests.swift; sourceTree = "<group>"; };
		051509F0C3FD9100CF44E653 /* FavoritesStore.swift */ = {isa = PBXFileReference; lastKnownFileType = sourcecode.swift; path = FavoritesStore.swift; sourceTree = "<group>"; };
		06AE9E9DC3D6C964E0BAF0F9 /* ListenSDRApp.swift */ = {isa = PBXFileReference; lastKnownFileType = sourcecode.swift; path = ListenSDRApp.swift; sourceTree = "<group>"; };
		07F5A68FE08373C6C9818B34 /* FMDXStationListResolverTests.swift */ = {isa = PBXFileReference; lastKnownFileType = sourcecode.swift; path = FMDXStationListResolverTests.swift; sourceTree = "<group>"; };
		1030E7AA0B8CC314535900F8 /* AppTheme.swift */ = {isa = PBXFileReference; lastKnownFileType = sourcecode.swift; path = AppTheme.swift; sourceTree = "<group>"; };
		11099F867EDFFECA567B45FC /* FMDXBandScanner.swift */ = {isa = PBXFileReference; lastKnownFileType = sourcecode.swift; path = FMDXBandScanner.swift; sourceTree = "<group>"; };
		11598D4ED736766676E23600 /* ProfileStore.swift */ = {isa = PBXFileReference; lastKnownFileType = sourcecode.swift; path = ProfileStore.swift; sourceTree = "<group>"; };
		1B6C093CD016FE82C348F51F /* FrequencyInputParserTests.swift */ = {isa = PBXFileReference; lastKnownFileType = sourcecode.swift; path = FrequencyInputParserTests.swift; sourceTree = "<group>"; };
		224AE639D3D4FFDF4FFF6401 /* FrequencyPresetStore.swift */ = {isa = PBXFileReference; lastKnownFileType = sourcecode.swift; path = FrequencyPresetStore.swift; sourceTree = "<group>"; };
		260D2B31601E03EF1A96EE7D /* FMDXTelemetrySyncBridge.swift */ = {isa = PBXFileReference; lastKnownFileType = sourcecode.swift; path = FMDXTelemetrySyncBridge.swift; sourceTree = "<group>"; };
		289E855420AAC4FEB4FE9053 /* AudioPCMUtilities.swift */ = {isa = PBXFileReference; lastKnownFileType = sourcecode.swift; path = AudioPCMUtilities.swift; sourceTree = "<group>"; };
		293251298AE8C5A5C89DFF78 /* Assets.xcassets */ = {isa = PBXFileReference; lastKnownFileType = folder.assetcatalog; path = Assets.xcassets; sourceTree = "<group>"; };
		2C1A91F49239EA191572FD45 /* SettingsView.swift */ = {isa = PBXFileReference; lastKnownFileType = sourcecode.swift; path = SettingsView.swift; sourceTree = "<group>"; };
		2C476CA16083ED45EBA81466 /* ShareSheet.swift */ = {isa = PBXFileReference; lastKnownFileType = sourcecode.swift; path = ShareSheet.swift; sourceTree = "<group>"; };
		2EAE78AE7AA5A2BB4FA77A82 /* AppShortcutCommandCenter.swift */ = {isa = PBXFileReference; lastKnownFileType = sourcecode.swift; path = AppShortcutCommandCenter.swift; sourceTree = "<group>"; };
		301576C788F755FF6721E79F /* KiwiWaterfallViewport.swift */ = {isa = PBXFileReference; lastKnownFileType = sourcecode.swift; path = KiwiWaterfallViewport.swift; sourceTree = "<group>"; };
		30CF02B6D5C9776336DA7B30 /* RadioSessionSettingsTests.swift */ = {isa = PBXFileReference; lastKnownFileType = sourcecode.swift; path = RadioSessionSettingsTests.swift; sourceTree = "<group>"; };
		317CE6791652B8E4C5A4327D /* fr */ = {isa = PBXFileReference; lastKnownFileType = text.plist.strings; name = fr; path = fr.lproj/Localizable.strings; sourceTree = "<group>"; };
		3767A118B74081FE1CD30F4F /* ProfileEditorView.swift */ = {isa = PBXFileReference; lastKnownFileType = sourcecode.swift; path = ProfileEditorView.swift; sourceTree = "<group>"; };
		3BA532EA2B2941E71FB621C0 /* ListenSDRCore */ = {isa = PBXFileReference; lastKnownFileType = folder; name = ListenSDRCore; path = ../shared/ListenSDRCore; sourceTree = SOURCE_ROOT; };
		3D1E849968434E33A4D5FBD4 /* SDRBackendClient.swift */ = {isa = PBXFileReference; lastKnownFileType = sourcecode.swift; path = SDRBackendClient.swift; sourceTree = "<group>"; };
		4275A45DF4651D0079994B01 /* AppTutorialView.swift */ = {isa = PBXFileReference; lastKnownFileType = sourcecode.swift; path = AppTutorialView.swift; sourceTree = "<group>"; };
		4286BB33324D82C98CA59BFE /* ReceiverView.swift */ = {isa = PBXFileReference; lastKnownFileType = sourcecode.swift; path = ReceiverView.swift; sourceTree = "<group>"; };
		478CE36C765087751368DC9B /* FMDXPresetScriptParserTests.swift */ = {isa = PBXFileReference; lastKnownFileType = sourcecode.swift; path = FMDXPresetScriptParserTests.swift; sourceTree = "<group>"; };
		4AA3EF25749DE49C7AFCB68C /* AppNavigationState.swift */ = {isa = PBXFileReference; lastKnownFileType = sourcecode.swift; path = AppNavigationState.swift; sourceTree = "<group>"; };
		4BE45DEDE28EA384BBF400F2 /* SettingsViewController.swift */ = {isa = PBXFileReference; lastKnownFileType = sourcecode.swift; path = SettingsViewController.swift; sourceTree = "<group>"; };
		4CF77EDC5169E7230B1F16A0 /* SystemRemoteCommandController.swift */ = {isa = PBXFileReference; lastKnownFileType = sourcecode.swift; path = SystemRemoteCommandController.swift; sourceTree = "<group>"; };
		5281754BC533DD08BFC3F0FB /* KiwiNoiseProcessing.swift */ = {isa = PBXFileReference; lastKnownFileType = sourcecode.swift; path = KiwiNoiseProcessing.swift; sourceTree = "<group>"; };
		530A6B024830FC4082BDBF66 /* ListenSDR.app */ = {isa = PBXFileReference; includeInIndex = 0; lastKnownFileType = wrapper.application; path = ListenSDR.app; sourceTree = BUILT_PRODUCTS_DIR; };
		538629FD19959273EAEB0434 /* ReceiverIdentity.swift */ = {isa = PBXFileReference; lastKnownFileType = sourcecode.swift; path = ReceiverIdentity.swift; sourceTree = "<group>"; };
		53C8E30919D0CCF77C1D172C /* it */ = {isa = PBXFileReference; lastKnownFileType = text.plist.strings; name = it; path = it.lproj/Localizable.strings; sourceTree = "<group>"; };
		55C98F5F2FA36C04B236D295 /* OpenWebRXScannerSquelchPolicyTests.swift */ = {isa = PBXFileReference; lastKnownFileType = sourcecode.swift; path = OpenWebRXScannerSquelchPolicyTests.swift; sourceTree = "<group>"; };
		5854269FF520F5087EA1E2F3 /* ListenSDRFeedbackSender.swift */ = {isa = PBXFileReference; lastKnownFileType = sourcecode.swift; path = ListenSDRFeedbackSender.swift; sourceTree = "<group>"; };
		5C1B4F8D475FBFBB16DFC80D /* KiwiWaterfallProcessing.swift */ = {isa = PBXFileReference; lastKnownFileType = sourcecode.swift; path = KiwiWaterfallProcessing.swift; sourceTree = "<group>"; };
		5D10CB9C5AF8BDD4442F5C6A /* ReceiverDirectory.swift */ = {isa = PBXFileReference; lastKnownFileType = sourcecode.swift; path = ReceiverDirectory.swift; sourceTree = "<group>"; };
		6294264E832985350801F669 /* ReceiverDataCache.swift */ = {isa = PBXFileReference; lastKnownFileType = sourcecode.swift; path = ReceiverDataCache.swift; sourceTree = "<group>"; };
		639B68BB73F279E8C50B3E96 /* AudioPCMUtilitiesTests.swift */ = {isa = PBXFileReference; lastKnownFileType = sourcecode.swift; path = AudioPCMUtilitiesTests.swift; sourceTree = "<group>"; };
		67898200E1DD7BF2FE5AC5A3 /* LiveAudioStabilityTests.swift */ = {isa = PBXFileReference; lastKnownFileType = sourcecode.swift; path = LiveAudioStabilityTests.swift; sourceTree = "<group>"; };
		6B1555E324C13738FC619AD1 /* FMDXCapabilitiesPolicyBridge.swift */ = {isa = PBXFileReference; lastKnownFileType = sourcecode.swift; path = FMDXCapabilitiesPolicyBridge.swift; sourceTree = "<group>"; };
		7A8D52E05033560ABC688416 /* SDRBackend.swift */ = {isa = PBXFileReference; lastKnownFileType = sourcecode.swift; path = SDRBackend.swift; sourceTree = "<group>"; };
		7D98E491501B5A7BA10E0AEA /* ReceiverLinkImport.swift */ = {isa = PBXFileReference; lastKnownFileType = sourcecode.swift; path = ReceiverLinkImport.swift; sourceTree = "<group>"; };
		7E7702C07C09F90A04B6DA7A /* ListenSDRTests.xctest */ = {isa = PBXFileReference; includeInIndex = 0; lastKnownFileType = wrapper.cfbundle; path = ListenSDRTests.xctest; sourceTree = BUILT_PRODUCTS_DIR; };
		7E9A672EB99212A9AEC92727 /* SpeechLoudnessLevelerTests.swift */ = {isa = PBXFileReference; lastKnownFileType = sourcecode.swift; path = SpeechLoudnessLevelerTests.swift; sourceTree = "<group>"; };
		7F806ECE48FB8AF9299DF745 /* pl */ = {isa = PBXFileReference; lastKnownFileType = text.plist.strings; name = pl; path = pl.lproj/Localizable.strings; sourceTree = "<group>"; };
		7FD888482E6AC82C526D34BA /* AppAccessibility.swift */ = {isa = PBXFileReference; lastKnownFileType = sourcecode.swift; path = AppAccessibility.swift; sourceTree = "<group>"; };
		82DF57675BC4A0C2E7238FF9 /* zh-Hans */ = {isa = PBXFileReference; lastKnownFileType = text.plist.strings; name = "zh-Hans"; path = "zh-Hans.lproj/Localizable.strings"; sourceTree = "<group>"; };
		86D584BECE59BE8BE8B2AFF1 /* de */ = {isa = PBXFileReference; lastKnownFileType = text.plist.strings; name = de; path = de.lproj/Localizable.strings; sourceTree = "<group>"; };
		88475086572CB3D2B0573EC0 /* DirectoryChangeNotificationService.swift */ = {isa = PBXFileReference; lastKnownFileType = sourcecode.swift; path = DirectoryChangeNotificationService.swift; sourceTree = "<group>"; };
		887030AF4F58D8CE54A54C2F /* ru */ = {isa = PBXFileReference; lastKnownFileType = text.plist.strings; name = ru; path = ru.lproj/Localizable.strings; sourceTree = "<group>"; };
		950DF21350969254EFC903CF /* ReceiverIdentityTests.swift */ = {isa = PBXFileReference; lastKnownFileType = sourcecode.swift; path = ReceiverIdentityTests.swift; sourceTree = "<group>"; };
		96F51D7953819B7CA4FF071D /* VoiceOverRotorControl.swift */ = {isa = PBXFileReference; lastKnownFileType = sourcecode.swift; path = VoiceOverRotorControl.swift; sourceTree = "<group>"; };
		9C02A583D9687A70C4BFDB7B /* DemodulationMode.swift */ = {isa = PBXFileReference; lastKnownFileType = sourcecode.swift; path = DemodulationMode.swift; sourceTree = "<group>"; };
		9C9508B28DC86C178D8A2BD7 /* ListenSDRAppShortcuts.swift */ = {isa = PBXFileReference; lastKnownFileType = sourcecode.swift; path = ListenSDRAppShortcuts.swift; sourceTree = "<group>"; };
		9D4640039B5A50DBCB293C69 /* en */ = {isa = PBXFileReference; lastKnownFileType = text.plist.strings; name = en; path = en.lproj/Localizable.strings; sourceTree = "<group>"; };
		A0652FEBFE1F5E7EBBD7ACFF /* FMDXCapabilitiesTests.swift */ = {isa = PBXFileReference; lastKnownFileType = sourcecode.swift; path = FMDXCapabilitiesTests.swift; sourceTree = "<group>"; };
		A08F4C0EC7957D2F44890F03 /* DiagnosticsExportBuilder.swift */ = {isa = PBXFileReference; lastKnownFileType = sourcecode.swift; path = DiagnosticsExportBuilder.swift; sourceTree = "<group>"; };
		A32D37F54EC86991F772EE76 /* NowPlayingMetadataController.swift */ = {isa = PBXFileReference; lastKnownFileType = sourcecode.swift; path = NowPlayingMetadataController.swift; sourceTree = "<group>"; };
		A93986B585C4FB7BCA27AF6F /* AudioRecordingStore.swift */ = {isa = PBXFileReference; lastKnownFileType = sourcecode.swift; path = AudioRecordingStore.swift; sourceTree = "<group>"; };
		AB68F42E636A470995C63355 /* ListenSDRFeedbackFormView.swift */ = {isa = PBXFileReference; lastKnownFileType = sourcecode.swift; path = ListenSDRFeedbackFormView.swift; sourceTree = "<group>"; };
		AC11AA84D6A3FD50363521F5 /* ListeningHistoryStoreTests.swift */ = {isa = PBXFileReference; lastKnownFileType = sourcecode.swift; path = ListeningHistoryStoreTests.swift; sourceTree = "<group>"; };
		AE03F4D6FF900C3D6AFD78A0 /* ContentView.swift */ = {isa = PBXFileReference; lastKnownFileType = sourcecode.swift; path = ContentView.swift; sourceTree = "<group>"; };
		B30168AE215D849558215B5A /* DemodulationModeTests.swift */ = {isa = PBXFileReference; lastKnownFileType = sourcecode.swift; path = DemodulationModeTests.swift; sourceTree = "<group>"; };
		BABBB82F47D1CC59A071FA43 /* ReceiverDirectoryView.swift */ = {isa = PBXFileReference; lastKnownFileType = sourcecode.swift; path = ReceiverDirectoryView.swift; sourceTree = "<group>"; };
		BF1EF5343192338BEDC2CD79 /* AudioOutputEngine.swift */ = {isa = PBXFileReference; lastKnownFileType = sourcecode.swift; path = AudioOutputEngine.swift; sourceTree = "<group>"; };
		C372985075C01F819DD5C32F /* BackendTelemetry.swift */ = {isa = PBXFileReference; lastKnownFileType = sourcecode.swift; path = BackendTelemetry.swift; sourceTree = "<group>"; };
		C44E25CC6B23AD72D38F0809 /* RadioSessionViewModel.swift */ = {isa = PBXFileReference; lastKnownFileType = sourcecode.swift; path = RadioSessionViewModel.swift; sourceTree = "<group>"; };
		C6867FB3EC2B87AF1C82B810 /* RecordingsView.swift */ = {isa = PBXFileReference; lastKnownFileType = sourcecode.swift; path = RecordingsView.swift; sourceTree = "<group>"; };
		C6DE626B86ADD59B5EF7360F /* FMDXPresetScriptParser.swift */ = {isa = PBXFileReference; lastKnownFileType = sourcecode.swift; path = FMDXPresetScriptParser.swift; sourceTree = "<group>"; };
		C80BA214359BACE1155A9A84 /* ImportReceiverLinkView.swift */ = {isa = PBXFileReference; lastKnownFileType = sourcecode.swift; path = ImportReceiverLinkView.swift; sourceTree = "<group>"; };
		C8620FE8AD9F4B9ACE05A1E6 /* BandTuningProfile.swift */ = {isa = PBXFileReference; lastKnownFileType = sourcecode.swift; path = BandTuningProfile.swift; sourceTree = "<group>"; };
		CA8430FABA0F566E0392A547 /* L10n.swift */ = {isa = PBXFileReference; lastKnownFileType = sourcecode.swift; path = L10n.swift; sourceTree = "<group>"; };
		D6B2838C0A3517392C242645 /* ChannelScannerSignalCore.swift */ = {isa = PBXFileReference; lastKnownFileType = sourcecode.swift; path = ChannelScannerSignalCore.swift; sourceTree = "<group>"; };
		D6EA2720375E2C6AC9300BC7 /* RecordingDestinationStore.swift */ = {isa = PBXFileReference; lastKnownFileType = sourcecode.swift; path = RecordingDestinationStore.swift; sourceTree = "<group>"; };
		D789A0EBC5CC4FC1EFE8E90A /* SDRConnectionProfile.swift */ = {isa = PBXFileReference; lastKnownFileType = sourcecode.swift; path = SDRConnectionProfile.swift; sourceTree = "<group>"; };
		D94B9941F71A65E867B363C7 /* es */ = {isa = PBXFileReference; lastKnownFileType = text.plist.strings; name = es; path = es.lproj/Localizable.strings; sourceTree = "<group>"; };
		DAE460852390C71A3267E19E /* DiagnosticsStore.swift */ = {isa = PBXFileReference; lastKnownFileType = sourcecode.swift; path = DiagnosticsStore.swift; sourceTree = "<group>"; };
		DC198DC08EE579F8E7D22664 /* RadiosView.swift */ = {isa = PBXFileReference; lastKnownFileType = sourcecode.swift; path = RadiosView.swift; sourceTree = "<group>"; };
		DEAB72153F050B8965259B27 /* SpeechLoudnessLeveler.swift */ = {isa = PBXFileReference; lastKnownFileType = sourcecode.swift; path = SpeechLoudnessLeveler.swift; sourceTree = "<group>"; };
		DFD217BC13C04BA7696556CF /* UnavailableContentView.swift */ = {isa = PBXFileReference; lastKnownFileType = sourcecode.swift; path = UnavailableContentView.swift; sourceTree = "<group>"; };
		E36EBE8CBCFB821A066116D2 /* ListeningHistoryStore.swift */ = {isa = PBXFileReference; lastKnownFileType = sourcecode.swift; path = ListeningHistoryStore.swift; sourceTree = "<group>"; };
		E8E5AAA5B9EB3467D7BB3385 /* FMDXCapabilitiesSyncBridge.swift */ = {isa = PBXFileReference; lastKnownFileType = sourcecode.swift; path = FMDXCapabilitiesSyncBridge.swift; sourceTree = "<group>"; };
		E929C19EBE9CBC4876BEB082 /* DiagnosticsView.swift */ = {isa = PBXFileReference; lastKnownFileType = sourcecode.swift; path = DiagnosticsView.swift; sourceTree = "<group>"; };
		E9666972D9B4DB5DFFE5D8A8 /* KiwiWaterfallViewportTests.swift */ = {isa = PBXFileReference; lastKnownFileType = sourcecode.swift; path = KiwiWaterfallViewportTests.swift; sourceTree = "<group>"; };
		EAD1C8D99F65C7CAD5126479 /* TuneStepPreferenceMode.swift */ = {isa = PBXFileReference; lastKnownFileType = sourcecode.swift; path = TuneStepPreferenceMode.swift; sourceTree = "<group>"; };
		F01FFB853C809B874633967E /* RecordingFolderPicker.swift */ = {isa = PBXFileReference; lastKnownFileType = sourcecode.swift; path = RecordingFolderPicker.swift; sourceTree = "<group>"; };
		F31333CFD257BB9C575844FC /* FMDXBandScannerTests.swift */ = {isa = PBXFileReference; lastKnownFileType = sourcecode.swift; path = FMDXBandScannerTests.swift; sourceTree = "<group>"; };
		F6CC738A091E2BE76E1A7BB0 /* RadioSessionSettings.swift */ = {isa = PBXFileReference; lastKnownFileType = sourcecode.swift; path = RadioSessionSettings.swift; sourceTree = "<group>"; };
		FF8CEEFF5137077F585714EE /* AudioDecoders.swift */ = {isa = PBXFileReference; lastKnownFileType = sourcecode.swift; path = AudioDecoders.swift; sourceTree = "<group>"; };
/* End PBXFileReference section */

/* Begin PBXFrameworksBuildPhase section */
		4B8A69C332D44B5825A5BED5 /* Frameworks */ = {
			isa = PBXFrameworksBuildPhase;
			buildActionMask = 2147483647;
			files = (
				52F0AE13AAA510955B7A3385 /* ListenSDRCore in Frameworks */,
			);
			runOnlyForDeploymentPostprocessing = 0;
		};
		F7D8D583F714EB5A2B5A02D0 /* Frameworks */ = {
			isa = PBXFrameworksBuildPhase;
			buildActionMask = 2147483647;
			files = (
				EE37865A11091F7E0CD56E39 /* ListenSDRCore in Frameworks */,
			);
			runOnlyForDeploymentPostprocessing = 0;
		};
/* End PBXFrameworksBuildPhase section */

/* Begin PBXGroup section */
		59E6BB988DAD6EED4F7BD2D4 /* Products */ = {
			isa = PBXGroup;
			children = (
				530A6B024830FC4082BDBF66 /* ListenSDR.app */,
				7E7702C07C09F90A04B6DA7A /* ListenSDRTests.xctest */,
			);
			name = Products;
			sourceTree = "<group>";
		};
		5A42D545FB3CAA4DCAEE463B /* Sources */ = {
			isa = PBXGroup;
			children = (
				7FD888482E6AC82C526D34BA /* AppAccessibility.swift */,
				4AA3EF25749DE49C7AFCB68C /* AppNavigationState.swift */,
				2EAE78AE7AA5A2BB4FA77A82 /* AppShortcutCommandCenter.swift */,
				1030E7AA0B8CC314535900F8 /* AppTheme.swift */,
				4275A45DF4651D0079994B01 /* AppTutorialView.swift */,
				FF8CEEFF5137077F585714EE /* AudioDecoders.swift */,
				BF1EF5343192338BEDC2CD79 /* AudioOutputEngine.swift */,
				289E855420AAC4FEB4FE9053 /* AudioPCMUtilities.swift */,
				A93986B585C4FB7BCA27AF6F /* AudioRecordingStore.swift */,
				C372985075C01F819DD5C32F /* BackendTelemetry.swift */,
				C8620FE8AD9F4B9ACE05A1E6 /* BandTuningProfile.swift */,
				D6B2838C0A3517392C242645 /* ChannelScannerSignalCore.swift */,
				AE03F4D6FF900C3D6AFD78A0 /* ContentView.swift */,
				9C02A583D9687A70C4BFDB7B /* DemodulationMode.swift */,
				A08F4C0EC7957D2F44890F03 /* DiagnosticsExportBuilder.swift */,
				DAE460852390C71A3267E19E /* DiagnosticsStore.swift */,
				E929C19EBE9CBC4876BEB082 /* DiagnosticsView.swift */,
				88475086572CB3D2B0573EC0 /* DirectoryChangeNotificationService.swift */,
				051509F0C3FD9100CF44E653 /* FavoritesStore.swift */,
				11099F867EDFFECA567B45FC /* FMDXBandScanner.swift */,
				6B1555E324C13738FC619AD1 /* FMDXCapabilitiesPolicyBridge.swift */,
				E8E5AAA5B9EB3467D7BB3385 /* FMDXCapabilitiesSyncBridge.swift */,
				C6DE626B86ADD59B5EF7360F /* FMDXPresetScriptParser.swift */,
				260D2B31601E03EF1A96EE7D /* FMDXTelemetrySyncBridge.swift */,
				224AE639D3D4FFDF4FFF6401 /* FrequencyPresetStore.swift */,
				C80BA214359BACE1155A9A84 /* ImportReceiverLinkView.swift */,
				5281754BC533DD08BFC3F0FB /* KiwiNoiseProcessing.swift */,
				5C1B4F8D475FBFBB16DFC80D /* KiwiWaterfallProcessing.swift */,
				301576C788F755FF6721E79F /* KiwiWaterfallViewport.swift */,
				CA8430FABA0F566E0392A547 /* L10n.swift */,
				E36EBE8CBCFB821A066116D2 /* ListeningHistoryStore.swift */,
				06AE9E9DC3D6C964E0BAF0F9 /* ListenSDRApp.swift */,
				9C9508B28DC86C178D8A2BD7 /* ListenSDRAppShortcuts.swift */,
				AB68F42E636A470995C63355 /* ListenSDRFeedbackFormView.swift */,
				5854269FF520F5087EA1E2F3 /* ListenSDRFeedbackSender.swift */,
				A32D37F54EC86991F772EE76 /* NowPlayingMetadataController.swift */,
				3767A118B74081FE1CD30F4F /* ProfileEditorView.swift */,
				11598D4ED736766676E23600 /* ProfileStore.swift */,
				F6CC738A091E2BE76E1A7BB0 /* RadioSessionSettings.swift */,
				C44E25CC6B23AD72D38F0809 /* RadioSessionViewModel.swift */,
				DC198DC08EE579F8E7D22664 /* RadiosView.swift */,
				6294264E832985350801F669 /* ReceiverDataCache.swift */,
				5D10CB9C5AF8BDD4442F5C6A /* ReceiverDirectory.swift */,
				BABBB82F47D1CC59A071FA43 /* ReceiverDirectoryView.swift */,
				538629FD19959273EAEB0434 /* ReceiverIdentity.swift */,
				7D98E491501B5A7BA10E0AEA /* ReceiverLinkImport.swift */,
				4286BB33324D82C98CA59BFE /* ReceiverView.swift */,
				D6EA2720375E2C6AC9300BC7 /* RecordingDestinationStore.swift */,
				F01FFB853C809B874633967E /* RecordingFolderPicker.swift */,
				C6867FB3EC2B87AF1C82B810 /* RecordingsView.swift */,
				7A8D52E05033560ABC688416 /* SDRBackend.swift */,
				3D1E849968434E33A4D5FBD4 /* SDRBackendClient.swift */,
				D789A0EBC5CC4FC1EFE8E90A /* SDRConnectionProfile.swift */,
				2C1A91F49239EA191572FD45 /* SettingsView.swift */,
				4BE45DEDE28EA384BBF400F2 /* SettingsViewController.swift */,
				2C476CA16083ED45EBA81466 /* ShareSheet.swift */,
				DEAB72153F050B8965259B27 /* SpeechLoudnessLeveler.swift */,
				4CF77EDC5169E7230B1F16A0 /* SystemRemoteCommandController.swift */,
				EAD1C8D99F65C7CAD5126479 /* TuneStepPreferenceMode.swift */,
				DFD217BC13C04BA7696556CF /* UnavailableContentView.swift */,
				96F51D7953819B7CA4FF071D /* VoiceOverRotorControl.swift */,
			);
			name = Sources;
			path = ListenSDR/Sources;
			sourceTree = "<group>";
		};
		5BDD27AD1864294949CE1079 /* Packages */ = {
			isa = PBXGroup;
			children = (
				3BA532EA2B2941E71FB621C0 /* ListenSDRCore */,
			);
			name = Packages;
			sourceTree = "<group>";
		};
		9EF2394544E94DC3F99F8BA1 = {
			isa = PBXGroup;
			children = (
				E3EE7FF8D5264A2F25A49F4F /* ListenSDRTests */,
				5BDD27AD1864294949CE1079 /* Packages */,
				D855987D1272B5D1AA158B26 /* Resources */,
				5A42D545FB3CAA4DCAEE463B /* Sources */,
				59E6BB988DAD6EED4F7BD2D4 /* Products */,
			);
			sourceTree = "<group>";
		};
		D855987D1272B5D1AA158B26 /* Resources */ = {
			isa = PBXGroup;
			children = (
				293251298AE8C5A5C89DFF78 /* Assets.xcassets */,
				7B8C0A52D13309CB9883A20A /* Localizable.strings */,
			);
			name = Resources;
			path = ListenSDR/Resources;
			sourceTree = "<group>";
		};
		E3EE7FF8D5264A2F25A49F4F /* ListenSDRTests */ = {
			isa = PBXGroup;
			children = (
				0099FA003BD98E52868FCF81 /* AppAccessibilityTests.swift */,
				639B68BB73F279E8C50B3E96 /* AudioPCMUtilitiesTests.swift */,
				B30168AE215D849558215B5A /* DemodulationModeTests.swift */,
				F31333CFD257BB9C575844FC /* FMDXBandScannerTests.swift */,
				A0652FEBFE1F5E7EBBD7ACFF /* FMDXCapabilitiesTests.swift */,
				478CE36C765087751368DC9B /* FMDXPresetScriptParserTests.swift */,
				07F5A68FE08373C6C9818B34 /* FMDXStationListResolverTests.swift */,
				1B6C093CD016FE82C348F51F /* FrequencyInputParserTests.swift */,
				E9666972D9B4DB5DFFE5D8A8 /* KiwiWaterfallViewportTests.swift */,
				AC11AA84D6A3FD50363521F5 /* ListeningHistoryStoreTests.swift */,
				67898200E1DD7BF2FE5AC5A3 /* LiveAudioStabilityTests.swift */,
				55C98F5F2FA36C04B236D295 /* OpenWebRXScannerSquelchPolicyTests.swift */,
				30CF02B6D5C9776336DA7B30 /* RadioSessionSettingsTests.swift */,
				950DF21350969254EFC903CF /* ReceiverIdentityTests.swift */,
				0486B345984166EC54D1381A /* ReceiverLinkImportTests.swift */,
				7E9A672EB99212A9AEC92727 /* SpeechLoudnessLevelerTests.swift */,
			);
			path = ListenSDRTests;
			sourceTree = "<group>";
		};
/* End PBXGroup section */

/* Begin PBXNativeTarget section */
		349CA7F3CE64A633D22C3BCC /* ListenSDR */ = {
			isa = PBXNativeTarget;
			buildConfigurationList = A8125E6A676E80154626FD8F /* Build configuration list for PBXNativeTarget "ListenSDR" */;
			buildPhases = (
				CDCCB2A3DD3BDAB4CEF22D92 /* Sources */,
				509BB02E5F318E67CD66A88D /* Resources */,
				F7D8D583F714EB5A2B5A02D0 /* Frameworks */,
			);
			buildRules = (
			);
			dependencies = (
			);
			name = ListenSDR;
			packageProductDependencies = (
				50781FA28737E544F01F509E /* ListenSDRCore */,
			);
			productName = ListenSDR;
			productReference = 530A6B024830FC4082BDBF66 /* ListenSDR.app */;
			productType = "com.apple.product-type.application";
		};
		EEE2CD840EB739A3B1B1460F /* ListenSDRTests */ = {
			isa = PBXNativeTarget;
			buildConfigurationList = 426713CA3075751DDB260C66 /* Build configuration list for PBXNativeTarget "ListenSDRTests" */;
			buildPhases = (
				D8DE078D5EF537C836AB65A4 /* Sources */,
				4B8A69C332D44B5825A5BED5 /* Frameworks */,
			);
			buildRules = (
			);
			dependencies = (
				79103660C30BC7EA1638952D /* PBXTargetDependency */,
			);
			name = ListenSDRTests;
			packageProductDependencies = (
				4F521E4994F054040E5B3E17 /* ListenSDRCore */,
			);
			productName = ListenSDRTests;
			productReference = 7E7702C07C09F90A04B6DA7A /* ListenSDRTests.xctest */;
			productType = "com.apple.product-type.bundle.unit-test";
		};
/* End PBXNativeTarget section */

/* Begin PBXProject section */
		253520B5BE7094ABC4BE6D84 /* Project object */ = {
			isa = PBXProject;
			attributes = {
				BuildIndependentTargetsInParallel = YES;
				LastUpgradeCheck = 1430;
				TargetAttributes = {
				};
			};
			buildConfigurationList = AF8487B3C0FD7B5B2B944019 /* Build configuration list for PBXProject "ListenSDR" */;
			developmentRegion = en;
			hasScannedForEncodings = 0;
			knownRegions = (
				Base,
				de,
				en,
				es,
				fr,
				it,
				pl,
				ru,
				"zh-Hans",
			);
			mainGroup = 9EF2394544E94DC3F99F8BA1;
			minimizedProjectReferenceProxies = 1;
			packageReferences = (
				7571981B61C64D8A9A7C46DF /* XCLocalSwiftPackageReference "../shared/ListenSDRCore" */,
			);
			preferredProjectObjectVersion = 77;
			productRefGroup = 59E6BB988DAD6EED4F7BD2D4 /* Products */;
			projectDirPath = "";
			projectRoot = "";
			targets = (
				349CA7F3CE64A633D22C3BCC /* ListenSDR */,
				EEE2CD840EB739A3B1B1460F /* ListenSDRTests */,
			);
		};
/* End PBXProject section */

/* Begin PBXResourcesBuildPhase section */
		509BB02E5F318E67CD66A88D /* Resources */ = {
			isa = PBXResourcesBuildPhase;
			buildActionMask = 2147483647;
			files = (
				82428741563F6BEB47648217 /* Assets.xcassets in Resources */,
				F1D937053202CA81759996E2 /* Localizable.strings in Resources */,
			);
			runOnlyForDeploymentPostprocessing = 0;
		};
/* End PBXResourcesBuildPhase section */

/* Begin PBXSourcesBuildPhase section */
		CDCCB2A3DD3BDAB4CEF22D92 /* Sources */ = {
			isa = PBXSourcesBuildPhase;
			buildActionMask = 2147483647;
			files = (
				59CC394BFC1D702F05E89F89 /* AppAccessibility.swift in Sources */,
				A5B5C702F7D887555E1937CC /* AppNavigationState.swift in Sources */,
				ACA7E73CDBC90170E8094621 /* AppShortcutCommandCenter.swift in Sources */,
				4D7ABA4F816056972029EBCC /* AppTheme.swift in Sources */,
				FF0BD08CFF4B3108710BEF00 /* AppTutorialView.swift in Sources */,
				71B847E2C1F32E19C3DF299F /* AudioDecoders.swift in Sources */,
				A1F4C0EB94461ABEC5F20105 /* AudioOutputEngine.swift in Sources */,
				DDE4048086B329E1DA759831 /* AudioPCMUtilities.swift in Sources */,
				2923CE16937A6A7AE87483FB /* AudioRecordingStore.swift in Sources */,
				5B6794859996E3232249EE49 /* BackendTelemetry.swift in Sources */,
				39AB7F078B8E0DF8C6A8ECA6 /* BandTuningProfile.swift in Sources */,
				A85BB4C1E4D9B6BA4C2914C1 /* ChannelScannerSignalCore.swift in Sources */,
				ED71D0FE9EB6F20C7C5A65E0 /* ContentView.swift in Sources */,
				97FBD7C3975B191CF77DD737 /* DemodulationMode.swift in Sources */,
				D3F4C7905F934163B69D3D83 /* DiagnosticsExportBuilder.swift in Sources */,
				1B9906A35F32EAC682AF5EE2 /* DiagnosticsStore.swift in Sources */,
				D3FB1C7E0EE8EFD2D27F0A46 /* DiagnosticsView.swift in Sources */,
				9CA040C35806FD1192EC5F7F /* DirectoryChangeNotificationService.swift in Sources */,
				76509925DB5BC007FD140D3A /* FMDXBandScanner.swift in Sources */,
				347C30C3093802313590E3B7 /* FMDXCapabilitiesPolicyBridge.swift in Sources */,
				76E0B093C55B985B8931FCA9 /* FMDXCapabilitiesSyncBridge.swift in Sources */,
				DE15F0055B02E64403FA1BCD /* FMDXPresetScriptParser.swift in Sources */,
				B215B1F7A563A4A7CF1CE614 /* FMDXTelemetrySyncBridge.swift in Sources */,
				106F02F6EE5D195101DB9119 /* FavoritesStore.swift in Sources */,
				904026A13868756A60C1ACBE /* FrequencyPresetStore.swift in Sources */,
				AD016F565FC5F0BC213D00DA /* ImportReceiverLinkView.swift in Sources */,
				C528E9B1F9B1F3A37D859DB8 /* KiwiNoiseProcessing.swift in Sources */,
				FD2A46F7134EB59E0B1C8FAD /* KiwiWaterfallProcessing.swift in Sources */,
				C012120DC124FCF2743295A2 /* KiwiWaterfallViewport.swift in Sources */,
				A5FE69B889FD2CBA8C9E44B5 /* L10n.swift in Sources */,
				F109327EDC709AF605C0E48D /* ListenSDRApp.swift in Sources */,
				7F21A7B2B4BE8EAEB9DF08B9 /* ListenSDRAppShortcuts.swift in Sources */,
				D3CA5A465A2F2806BBEBD178 /* ListenSDRFeedbackFormView.swift in Sources */,
				3E7958F395139FFF50E12C41 /* ListenSDRFeedbackSender.swift in Sources */,
				69F0FB74D682EA07F95087E3 /* ListeningHistoryStore.swift in Sources */,
				ED24BA1B1978A1D1CA10D49A /* NowPlayingMetadataController.swift in Sources */,
				2D7614F75473CD4D3CBEE46A /* ProfileEditorView.swift in Sources */,
				048284CE689221E778C8C818 /* ProfileStore.swift in Sources */,
				69BF8B8DBEB4F474977BEEBA /* RadioSessionSettings.swift in Sources */,
				5AB0C9CDECD2E3F0E2AF7F16 /* RadioSessionViewModel.swift in Sources */,
				A83F58F1D406EC3C8894D954 /* RadiosView.swift in Sources */,
				658BC2FBCD202B84E793D6DD /* ReceiverDataCache.swift in Sources */,
				899E90DCF3F8E5489D3F5613 /* ReceiverDirectory.swift in Sources */,
				817BC8EE996142812994AAA3 /* ReceiverDirectoryView.swift in Sources */,
				9F264E92F61C2DCB0DEC868D /* ReceiverIdentity.swift in Sources */,
				74E4C490FBA27B13378AFCE4 /* ReceiverLinkImport.swift in Sources */,
				015FC07CFB8D3B0FF066B3C6 /* ReceiverView.swift in Sources */,
				BFEFFFE29325B0BEAF808308 /* RecordingDestinationStore.swift in Sources */,
				30A7D9FE5D13B5732D7B0601 /* RecordingFolderPicker.swift in Sources */,
				99B848C6E7F71B573709D3C3 /* RecordingsView.swift in Sources */,
				37A2B9CC76C458C794DECA72 /* SDRBackend.swift in Sources */,
				E23F2265F3F9263F898DC5F4 /* SDRBackendClient.swift in Sources */,
				60A7646E16C2E86C8EE29D40 /* SDRConnectionProfile.swift in Sources */,
				67470D4EA59E0FC4620CD74B /* SettingsView.swift in Sources */,
				8B826A963B180CA475FCD2F3 /* SettingsViewController.swift in Sources */,
				41BD2FA1F71A8000434283F9 /* ShareSheet.swift in Sources */,
				9E8A626DE4609D0BCB843FD0 /* SpeechLoudnessLeveler.swift in Sources */,
				721B688F74C2905447CF723D /* SystemRemoteCommandController.swift in Sources */,
				3D199DA0C04AC43A8B628250 /* TuneStepPreferenceMode.swift in Sources */,
				217D33FBBCC6215FD86050A3 /* UnavailableContentView.swift in Sources */,
				213C87F333FB445D3D5612BB /* VoiceOverRotorControl.swift in Sources */,
			);
			runOnlyForDeploymentPostprocessing = 0;
		};
		D8DE078D5EF537C836AB65A4 /* Sources */ = {
			isa = PBXSourcesBuildPhase;
			buildActionMask = 2147483647;
			files = (
				3E2755D3C3B1A94376FBDDD6 /* AppAccessibilityTests.swift in Sources */,
				288CC8F359232EA856E298B8 /* AudioPCMUtilitiesTests.swift in Sources */,
				6778A885798D1E5525319C11 /* DemodulationModeTests.swift in Sources */,
				2787CD26843D7631A05BFEEB /* FMDXBandScannerTests.swift in Sources */,
				17B873B1847A451F94793070 /* FMDXCapabilitiesTests.swift in Sources */,
				5A076344D3BDA61EB1C1213F /* FMDXPresetScriptParserTests.swift in Sources */,
				F95C89B3900EBD196A458D33 /* FMDXStationListResolverTests.swift in Sources */,
				8EEE5FD254E0DE0BAF51E579 /* FrequencyInputParserTests.swift in Sources */,
				7D25DAE60B06F3AA4E27B9F6 /* KiwiWaterfallViewportTests.swift in Sources */,
				442DC03F435B53670FA2A19C /* ListeningHistoryStoreTests.swift in Sources */,
				6F72CC2D76B74F9892D20F69 /* LiveAudioStabilityTests.swift in Sources */,
				BCABB02721200D0E1D619259 /* OpenWebRXScannerSquelchPolicyTests.swift in Sources */,
				33F3F8C45A5BB961112E001B /* RadioSessionSettingsTests.swift in Sources */,
				2E24DB309E0344833D3B83FD /* ReceiverIdentityTests.swift in Sources */,
				35E8D207EF1F755F3823105F /* ReceiverLinkImportTests.swift in Sources */,
				39D323D01A6F9876CF054568 /* SpeechLoudnessLevelerTests.swift in Sources */,
			);
			runOnlyForDeploymentPostprocessing = 0;
		};
/* End PBXSourcesBuildPhase section */

/* Begin PBXTargetDependency section */
		79103660C30BC7EA1638952D /* PBXTargetDependency */ = {
			isa = PBXTargetDependency;
			target = 349CA7F3CE64A633D22C3BCC /* ListenSDR */;
			targetProxy = 5D28ED0C81CE810355BF38F4 /* PBXContainerItemProxy */;
		};
/* End PBXTargetDependency section */

/* Begin PBXVariantGroup section */
		7B8C0A52D13309CB9883A20A /* Localizable.strings */ = {
			isa = PBXVariantGroup;
			children = (
				86D584BECE59BE8BE8B2AFF1 /* de */,
				9D4640039B5A50DBCB293C69 /* en */,
				D94B9941F71A65E867B363C7 /* es */,
				317CE6791652B8E4C5A4327D /* fr */,
				53C8E30919D0CCF77C1D172C /* it */,
				7F806ECE48FB8AF9299DF745 /* pl */,
				887030AF4F58D8CE54A54C2F /* ru */,
				82DF57675BC4A0C2E7238FF9 /* zh-Hans */,
			);
			name = Localizable.strings;
			sourceTree = "<group>";
		};
/* End PBXVariantGroup section */

/* Begin XCBuildConfiguration section */
		15D524D6078FB47862730A72 /* Debug */ = {
			isa = XCBuildConfiguration;
			buildSettings = {
				BUNDLE_LOADER = "$(TEST_HOST)";
				GENERATE_INFOPLIST_FILE = YES;
				IPHONEOS_DEPLOYMENT_TARGET = 16.0;
				LD_RUNPATH_SEARCH_PATHS = (
					"$(inherited)",
					"@executable_path/Frameworks",
					"@loader_path/Frameworks",
				);
				PRODUCT_BUNDLE_IDENTIFIER = com.kazek.sdr.tests;
				SDKROOT = iphoneos;
				SWIFT_VERSION = 5.1;
				TARGETED_DEVICE_FAMILY = "1,2";
				TEST_HOST = "$(BUILT_PRODUCTS_DIR)/ListenSDR.app/ListenSDR";
			};
			name = Debug;
		};
		18207328B8DE0784EEE23CB8 /* Debug */ = {
			isa = XCBuildConfiguration;
			buildSettings = {
				ALWAYS_SEARCH_USER_PATHS = NO;
				CLANG_ANALYZER_NONNULL = YES;
				CLANG_ANALYZER_NUMBER_OBJECT_CONVERSION = YES_AGGRESSIVE;
				CLANG_CXX_LANGUAGE_STANDARD = "gnu++14";
				CLANG_CXX_LIBRARY = "libc++";
				CLANG_ENABLE_MODULES = YES;
				CLANG_ENABLE_OBJC_ARC = YES;
				CLANG_ENABLE_OBJC_WEAK = YES;
				CLANG_WARN_BLOCK_CAPTURE_AUTORELEASING = YES;
				CLANG_WARN_BOOL_CONVERSION = YES;
				CLANG_WARN_COMMA = YES;
				CLANG_WARN_CONSTANT_CONVERSION = YES;
				CLANG_WARN_DEPRECATED_OBJC_IMPLEMENTATIONS = YES;
				CLANG_WARN_DIRECT_OBJC_ISA_USAGE = YES_ERROR;
				CLANG_WARN_DOCUMENTATION_COMMENTS = YES;
				CLANG_WARN_EMPTY_BODY = YES;
				CLANG_WARN_ENUM_CONVERSION = YES;
				CLANG_WARN_INFINITE_RECURSION = YES;
				CLANG_WARN_INT_CONVERSION = YES;
				CLANG_WARN_NON_LITERAL_NULL_CONVERSION = YES;
				CLANG_WARN_OBJC_IMPLICIT_RETAIN_SELF = YES;
				CLANG_WARN_OBJC_LITERAL_CONVERSION = YES;
				CLANG_WARN_OBJC_ROOT_CLASS = YES_ERROR;
				CLANG_WARN_QUOTED_INCLUDE_IN_FRAMEWORK_HEADER = YES;
				CLANG_WARN_RANGE_LOOP_ANALYSIS = YES;
				CLANG_WARN_STRICT_PROTOTYPES = YES;
				CLANG_WARN_SUSPICIOUS_MOVE = YES;
				CLANG_WARN_UNGUARDED_AVAILABILITY = YES_AGGRESSIVE;
				CLANG_WARN_UNREACHABLE_CODE = YES;
				CLANG_WARN__DUPLICATE_METHOD_MATCH = YES;
				COPY_PHASE_STRIP = NO;
				DEBUG_INFORMATION_FORMAT = dwarf;
				ENABLE_STRICT_OBJC_MSGSEND = YES;
				ENABLE_TESTABILITY = YES;
				GCC_C_LANGUAGE_STANDARD = gnu11;
				GCC_DYNAMIC_NO_PIC = NO;
				GCC_NO_COMMON_BLOCKS = YES;
				GCC_OPTIMIZATION_LEVEL = 0;
				GCC_PREPROCESSOR_DEFINITIONS = (
					"$(inherited)",
					"DEBUG=1",
				);
				GCC_WARN_64_TO_32_BIT_CONVERSION = YES;
				GCC_WARN_ABOUT_RETURN_TYPE = YES_ERROR;
				GCC_WARN_UNDECLARED_SELECTOR = YES;
				GCC_WARN_UNINITIALIZED_AUTOS = YES_AGGRESSIVE;
				GCC_WARN_UNUSED_FUNCTION = YES;
				GCC_WARN_UNUSED_VARIABLE = YES;
				MTL_ENABLE_DEBUG_INFO = INCLUDE_SOURCE;
				MTL_FAST_MATH = YES;
				ONLY_ACTIVE_ARCH = YES;
				PRODUCT_NAME = "$(TARGET_NAME)";
				SDKROOT = iphoneos;
				SWIFT_ACTIVE_COMPILATION_CONDITIONS = DEBUG;
				SWIFT_OPTIMIZATION_LEVEL = "-Onone";
				SWIFT_VERSION = 5.0;
			};
			name = Debug;
		};
		1A7EE40608710A408FF348F6 /* Debug */ = {
			isa = XCBuildConfiguration;
			buildSettings = {
				ASSETCATALOG_COMPILER_APPICON_NAME = AppIcon;
				CODE_SIGN_ENTITLEMENTS = ListenSDR/ListenSDR.entitlements;
				CODE_SIGN_IDENTITY = "iPhone Developer";
				CURRENT_PROJECT_VERSION = 69;
				INFOPLIST_FILE = ListenSDR/Info.plist;
				IPHONEOS_DEPLOYMENT_TARGET = 16.0;
				LD_RUNPATH_SEARCH_PATHS = (
					"$(inherited)",
					"@executable_path/Frameworks",
				);
				MARKETING_VERSION = 1.0.1;
				PRODUCT_BUNDLE_IDENTIFIER = com.kazek.sdr;
				SDKROOT = iphoneos;
				SWIFT_VERSION = 5.1;
				TARGETED_DEVICE_FAMILY = "1,2";
			};
			name = Debug;
		};
		75B2C5A75C3DD6F7F43C5887 /* Release */ = {
			isa = XCBuildConfiguration;
			buildSettings = {
				ALWAYS_SEARCH_USER_PATHS = NO;
				CLANG_ANALYZER_NONNULL = YES;
				CLANG_ANALYZER_NUMBER_OBJECT_CONVERSION = YES_AGGRESSIVE;
				CLANG_CXX_LANGUAGE_STANDARD = "gnu++14";
				CLANG_CXX_LIBRARY = "libc++";
				CLANG_ENABLE_MODULES = YES;
				CLANG_ENABLE_OBJC_ARC = YES;
				CLANG_ENABLE_OBJC_WEAK = YES;
				CLANG_WARN_BLOCK_CAPTURE_AUTORELEASING = YES;
				CLANG_WARN_BOOL_CONVERSION = YES;
				CLANG_WARN_COMMA = YES;
				CLANG_WARN_CONSTANT_CONVERSION = YES;
				CLANG_WARN_DEPRECATED_OBJC_IMPLEMENTATIONS = YES;
				CLANG_WARN_DIRECT_OBJC_ISA_USAGE = YES_ERROR;
				CLANG_WARN_DOCUMENTATION_COMMENTS = YES;
				CLANG_WARN_EMPTY_BODY = YES;
				CLANG_WARN_ENUM_CONVERSION = YES;
				CLANG_WARN_INFINITE_RECURSION = YES;
				CLANG_WARN_INT_CONVERSION = YES;
				CLANG_WARN_NON_LITERAL_NULL_CONVERSION = YES;
				CLANG_WARN_OBJC_IMPLICIT_RETAIN_SELF = YES;
				CLANG_WARN_OBJC_LITERAL_CONVERSION = YES;
				CLANG_WARN_OBJC_ROOT_CLASS = YES_ERROR;
				CLANG_WARN_QUOTED_INCLUDE_IN_FRAMEWORK_HEADER = YES;
				CLANG_WARN_RANGE_LOOP_ANALYSIS = YES;
				CLANG_WARN_STRICT_PROTOTYPES = YES;
				CLANG_WARN_SUSPICIOUS_MOVE = YES;
				CLANG_WARN_UNGUARDED_AVAILABILITY = YES_AGGRESSIVE;
				CLANG_WARN_UNREACHABLE_CODE = YES;
				CLANG_WARN__DUPLICATE_METHOD_MATCH = YES;
				COPY_PHASE_STRIP = NO;
				DEBUG_INFORMATION_FORMAT = "dwarf-with-dsym";
				ENABLE_NS_ASSERTIONS = NO;
				ENABLE_STRICT_OBJC_MSGSEND = YES;
				GCC_C_LANGUAGE_STANDARD = gnu11;
				GCC_NO_COMMON_BLOCKS = YES;
				GCC_WARN_64_TO_32_BIT_CONVERSION = YES;
				GCC_WARN_ABOUT_RETURN_TYPE = YES_ERROR;
				GCC_WARN_UNDECLARED_SELECTOR = YES;
				GCC_WARN_UNINITIALIZED_AUTOS = YES_AGGRESSIVE;
				GCC_WARN_UNUSED_FUNCTION = YES;
				GCC_WARN_UNUSED_VARIABLE = YES;
				MTL_ENABLE_DEBUG_INFO = NO;
				MTL_FAST_MATH = YES;
				PRODUCT_NAME = "$(TARGET_NAME)";
				SDKROOT = iphoneos;
				SWIFT_COMPILATION_MODE = wholemodule;
				SWIFT_OPTIMIZATION_LEVEL = "-O";
				SWIFT_VERSION = 5.0;
			};
			name = Release;
		};
		BF1D6D959594D612C4B36EF6 /* Release */ = {
			isa = XCBuildConfiguration;
			buildSettings = {
				BUNDLE_LOADER = "$(TEST_HOST)";
				GENERATE_INFOPLIST_FILE = YES;
				IPHONEOS_DEPLOYMENT_TARGET = 16.0;
				LD_RUNPATH_SEARCH_PATHS = (
					"$(inherited)",
					"@executable_path/Frameworks",
					"@loader_path/Frameworks",
				);
				PRODUCT_BUNDLE_IDENTIFIER = com.kazek.sdr.tests;
				SDKROOT = iphoneos;
				SWIFT_VERSION = 5.1;
				TARGETED_DEVICE_FAMILY = "1,2";
				TEST_HOST = "$(BUILT_PRODUCTS_DIR)/ListenSDR.app/ListenSDR";
			};
			name = Release;
		};
		CD00E997A5C4FB171E39196E /* Release */ = {
			isa = XCBuildConfiguration;
			buildSettings = {
				ASSETCATALOG_COMPILER_APPICON_NAME = AppIcon;
				CODE_SIGN_ENTITLEMENTS = ListenSDR/ListenSDR.entitlements;
				CODE_SIGN_IDENTITY = "iPhone Developer";
				CURRENT_PROJECT_VERSION = 69;
				INFOPLIST_FILE = ListenSDR/Info.plist;
				IPHONEOS_DEPLOYMENT_TARGET = 16.0;
				LD_RUNPATH_SEARCH_PATHS = (
					"$(inherited)",
					"@executable_path/Frameworks",
				);
				MARKETING_VERSION = 1.0.1;
				PRODUCT_BUNDLE_IDENTIFIER = com.kazek.sdr;
				SDKROOT = iphoneos;
				SWIFT_VERSION = 5.1;
				TARGETED_DEVICE_FAMILY = "1,2";
			};
			name = Release;
		};
/* End XCBuildConfiguration section */

/* Begin XCConfigurationList section */
		426713CA3075751DDB260C66 /* Build configuration list for PBXNativeTarget "ListenSDRTests" */ = {
			isa = XCConfigurationList;
			buildConfigurations = (
				15D524D6078FB47862730A72 /* Debug */,
				BF1D6D959594D612C4B36EF6 /* Release */,
			);
			defaultConfigurationIsVisible = 0;
			defaultConfigurationName = Debug;
		};
		A8125E6A676E80154626FD8F /* Build configuration list for PBXNativeTarget "ListenSDR" */ = {
			isa = XCConfigurationList;
			buildConfigurations = (
				1A7EE40608710A408FF348F6 /* Debug */,
				CD00E997A5C4FB171E39196E /* Release */,
			);
			defaultConfigurationIsVisible = 0;
			defaultConfigurationName = Debug;
		};
		AF8487B3C0FD7B5B2B944019 /* Build configuration list for PBXProject "ListenSDR" */ = {
			isa = XCConfigurationList;
			buildConfigurations = (
				18207328B8DE0784EEE23CB8 /* Debug */,
				75B2C5A75C3DD6F7F43C5887 /* Release */,
			);
			defaultConfigurationIsVisible = 0;
			defaultConfigurationName = Debug;
		};
/* End XCConfigurationList section */

/* Begin XCLocalSwiftPackageReference section */
		7571981B61C64D8A9A7C46DF /* XCLocalSwiftPackageReference "../shared/ListenSDRCore" */ = {
			isa = XCLocalSwiftPackageReference;
			relativePath = ../shared/ListenSDRCore;
		};
/* End XCLocalSwiftPackageReference section */

/* Begin XCSwiftPackageProductDependency section */
		4F521E4994F054040E5B3E17 /* ListenSDRCore */ = {
			isa = XCSwiftPackageProductDependency;
			productName = ListenSDRCore;
		};
		50781FA28737E544F01F509E /* ListenSDRCore */ = {
			isa = XCSwiftPackageProductDependency;
			productName = ListenSDRCore;
		};
/* End XCSwiftPackageProductDependency section */
	};
	rootObject = 253520B5BE7094ABC4BE6D84 /* Project object */;
}
